two_col_content:
  title: Lorem ipsum dolor sit amet
  description: Lorem ipsum dolor sit amet, consectetur adipiscing elit
  cta:
    title: 'View Courses'
    url: '#'
    target: ''
  image_src: 'https://placeimg.com/380/301/nature'
  image_alt: "This is the card image's alt text"
  image_aligment: left
